
Microsoft Visual Studio Solution File, Format Version 12.00
# Visual Studio 15
VisualStudioVersion = 15.0.28010.2046
MinimumVisualStudioVersion = 10.0.40219.1
Project("{FAE04EC0-301F-11D3-BF4B-00C04F79EFBC}") = "PhuongTrinhBac2", "PhuongTrinhBac2\PhuongTrinhBac2.csproj", "{C7B5FA6A-F5C8-4431-A8B5-B2B40ED201C9}"
EndProject
Global
	GlobalSection(SolutionConfigurationPlatforms) = preSolution
		Debug|Any CPU = Debug|Any CPU
		Release|Any CPU = Release|Any CPU
	EndGlobalSection
	GlobalSection(ProjectConfigurationPlatforms) = postSolution
		{C7B5FA6A-F5C8-4431-A8B5-B2B40ED201C9}.Debug|Any CPU.ActiveCfg = Debug|Any CPU
		{C7B5FA6A-F5C8-4431-A8B5-B2B40ED201C9}.Debug|Any CPU.Build.0 = Debug|Any CPU
		{C7B5FA6A-F5C8-4431-A8B5-B2B40ED201C9}.Release|Any CPU.ActiveCfg = Release|Any CPU
		{C7B5FA6A-F5C8-4431-A8B5-B2B40ED201C9}.Release|Any CPU.Build.0 = Release|Any CPU
	EndGlobalSection
	GlobalSection(SolutionProperties) = preSolution
		HideSolutionNode = FALSE
	EndGlobalSection
	GlobalSection(ExtensibilityGlobals) = postSolution
		SolutionGuid = {2C955AC9-18F6-400E-9CDF-C0F98F0E4D4B}
	EndGlobalSection
EndGlobal
