
Microsoft Visual Studio Solution File, Format Version 12.00
# Visual Studio 15
VisualStudioVersion = 15.0.28010.2046
MinimumVisualStudioVersion = 10.0.40219.1
Project("{FAE04EC0-301F-11D3-BF4B-00C04F79EFBC}") = "CacHamLuongGiac", "CacHamLuongGiac\CacHamLuongGiac.csproj", "{F41489DE-19D1-4785-8D25-609784D3D9E4}"
EndProject
Global
	GlobalSection(SolutionConfigurationPlatforms) = preSolution
		Debug|Any CPU = Debug|Any CPU
		Release|Any CPU = Release|Any CPU
	EndGlobalSection
	GlobalSection(ProjectConfigurationPlatforms) = postSolution
		{F41489DE-19D1-4785-8D25-609784D3D9E4}.Debug|Any CPU.ActiveCfg = Debug|Any CPU
		{F41489DE-19D1-4785-8D25-609784D3D9E4}.Debug|Any CPU.Build.0 = Debug|Any CPU
		{F41489DE-19D1-4785-8D25-609784D3D9E4}.Release|Any CPU.ActiveCfg = Release|Any CPU
		{F41489DE-19D1-4785-8D25-609784D3D9E4}.Release|Any CPU.Build.0 = Release|Any CPU
	EndGlobalSection
	GlobalSection(SolutionProperties) = preSolution
		HideSolutionNode = FALSE
	EndGlobalSection
	GlobalSection(ExtensibilityGlobals) = postSolution
		SolutionGuid = {A4A384EC-1B2A-4357-B845-0AF517EB317C}
	EndGlobalSection
EndGlobal
